
Microsoft Visual Studio Solution File, Format Version 12.00
# Visual Studio Version 17
VisualStudioVersion = 17.0.31903.59
MinimumVisualStudioVersion = 10.0.40219.1
Project("{2150E333-8FDC-42A3-9474-1A3956D46DE8}") = "src", "src", "{9E1F0E4E-BFB2-42AB-AFD8-8ED48E421834}"
EndProject
Project("{FAE04EC0-301F-11D3-BF4B-00C04F79EFBC}") = "DMA.Domain", "src\DMA.Domain\DMA.Domain.csproj", "{52371F77-DEFC-4C18-9D2A-306902B2452B}"
EndProject
Project("{FAE04EC0-301F-11D3-BF4B-00C04F79EFBC}") = "DMA.Application", "src\DMA.Application\DMA.Application.csproj", "{C8B97867-4200-44C6-9DA3-EAAEA5A07294}"
EndProject
Project("{FAE04EC0-301F-11D3-BF4B-00C04F79EFBC}") = "DMA.Infrastructure", "src\DMA.Infrastructure\DMA.Infrastructure.csproj", "{DEDDF48E-AA10-4C37-938F-E145806F7E58}"
EndProject
Project("{FAE04EC0-301F-11D3-BF4B-00C04F79EFBC}") = "DMA.Web", "src\DMA.Web\DMA.Web.csproj", "{70F8CDBC-6EB1-4D86-8AC9-122025F3CCC8}"
EndProject
Project("{2150E333-8FDC-42A3-9474-1A3956D46DE8}") = "tests", "tests", "{618A9EAC-330E-49BE-80A6-EA70CEA1506F}"
EndProject
Project("{FAE04EC0-301F-11D3-BF4B-00C04F79EFBC}") = "DMA.Tests", "tests\DMA.Tests\DMA.Tests.csproj", "{1A7C60D1-9DEF-4607-BFF0-7417E0F764D6}"
EndProject
Global
	GlobalSection(SolutionConfigurationPlatforms) = preSolution
		Debug|Any CPU = Debug|Any CPU
		Release|Any CPU = Release|Any CPU
	EndGlobalSection
	GlobalSection(SolutionProperties) = preSolution
		HideSolutionNode = FALSE
	EndGlobalSection
	GlobalSection(ProjectConfigurationPlatforms) = postSolution
		{52371F77-DEFC-4C18-9D2A-306902B2452B}.Debug|Any CPU.ActiveCfg = Debug|Any CPU
		{52371F77-DEFC-4C18-9D2A-306902B2452B}.Debug|Any CPU.Build.0 = Debug|Any CPU
		{52371F77-DEFC-4C18-9D2A-306902B2452B}.Release|Any CPU.ActiveCfg = Release|Any CPU
		{52371F77-DEFC-4C18-9D2A-306902B2452B}.Release|Any CPU.Build.0 = Release|Any CPU
		{C8B97867-4200-44C6-9DA3-EAAEA5A07294}.Debug|Any CPU.ActiveCfg = Debug|Any CPU
		{C8B97867-4200-44C6-9DA3-EAAEA5A07294}.Debug|Any CPU.Build.0 = Debug|Any CPU
		{C8B97867-4200-44C6-9DA3-EAAEA5A07294}.Release|Any CPU.ActiveCfg = Release|Any CPU
		{C8B97867-4200-44C6-9DA3-EAAEA5A07294}.Release|Any CPU.Build.0 = Release|Any CPU
		{DEDDF48E-AA10-4C37-938F-E145806F7E58}.Debug|Any CPU.ActiveCfg = Debug|Any CPU
		{DEDDF48E-AA10-4C37-938F-E145806F7E58}.Debug|Any CPU.Build.0 = Debug|Any CPU
		{DEDDF48E-AA10-4C37-938F-E145806F7E58}.Release|Any CPU.ActiveCfg = Release|Any CPU
		{DEDDF48E-AA10-4C37-938F-E145806F7E58}.Release|Any CPU.Build.0 = Release|Any CPU
		{70F8CDBC-6EB1-4D86-8AC9-122025F3CCC8}.Debug|Any CPU.ActiveCfg = Debug|Any CPU
		{70F8CDBC-6EB1-4D86-8AC9-122025F3CCC8}.Debug|Any CPU.Build.0 = Debug|Any CPU
		{70F8CDBC-6EB1-4D86-8AC9-122025F3CCC8}.Release|Any CPU.ActiveCfg = Release|Any CPU
		{70F8CDBC-6EB1-4D86-8AC9-122025F3CCC8}.Release|Any CPU.Build.0 = Release|Any CPU
		{1A7C60D1-9DEF-4607-BFF0-7417E0F764D6}.Debug|Any CPU.ActiveCfg = Debug|Any CPU
		{1A7C60D1-9DEF-4607-BFF0-7417E0F764D6}.Debug|Any CPU.Build.0 = Debug|Any CPU
		{1A7C60D1-9DEF-4607-BFF0-7417E0F764D6}.Release|Any CPU.ActiveCfg = Release|Any CPU
		{1A7C60D1-9DEF-4607-BFF0-7417E0F764D6}.Release|Any CPU.Build.0 = Release|Any CPU
	EndGlobalSection
	GlobalSection(NestedProjects) = preSolution
		{52371F77-DEFC-4C18-9D2A-306902B2452B} = {9E1F0E4E-BFB2-42AB-AFD8-8ED48E421834}
		{C8B97867-4200-44C6-9DA3-EAAEA5A07294} = {9E1F0E4E-BFB2-42AB-AFD8-8ED48E421834}
		{DEDDF48E-AA10-4C37-938F-E145806F7E58} = {9E1F0E4E-BFB2-42AB-AFD8-8ED48E421834}
		{70F8CDBC-6EB1-4D86-8AC9-122025F3CCC8} = {9E1F0E4E-BFB2-42AB-AFD8-8ED48E421834}
		{1A7C60D1-9DEF-4607-BFF0-7417E0F764D6} = {618A9EAC-330E-49BE-80A6-EA70CEA1506F}
	EndGlobalSection
EndGlobal
